<Solution>
  <Folder Name="/Solution Items/" />
  <Folder Name="/Solution Items/workflows/">
    <File Path=".github/workflows/ci.yml" />
  </Folder>
  <Project Path="DemoHighlighter/DemoHighlighter.csproj" />
  <Project Path="DemoImagePlugin/DemoImagePlugin.csproj" />
  <Project Path="MarkdownToPdf/MarkdownToPdf.csproj" />
  <Project Path="Tests/Tests.csproj" />
</Solution>
