
Microsoft Visual Studio Solution File, Format Version 12.00
# Visual Studio Version 18
VisualStudioVersion = 18.1.11304.174
MinimumVisualStudioVersion = 10.0.40219.1
Project("{2150E333-8FDC-42A3-9474-1A3956D46DE8}") = "Solution Items", "Solution Items", "{7D4444C4-1569-4471-885D-EB16227B11CC}"
	ProjectSection(SolutionItems) = preProject
		.editorconfig = .editorconfig
	EndProjectSection
EndProject
Project("{FAE04EC0-301F-11D3-BF4B-00C04F79EFBC}") = "MarkdownToPdf10", "MarkdownToPdf10\MarkdownToPdf10.csproj", "{078C75B1-8AAD-4524-BFDA-4B823DB5A65E}"
EndProject
Project("{FAE04EC0-301F-11D3-BF4B-00C04F79EFBC}") = "Test10", "Test10\Test10.csproj", "{553AA545-BA33-41CE-BB8E-DF59E5D153DE}"
EndProject
Project("{FAE04EC0-301F-11D3-BF4B-00C04F79EFBC}") = "DemoHighlighter10", "DemoHighlighter10\DemoHighlighter10.csproj", "{A77E146E-F98C-40A8-9F66-1628776ED56B}"
EndProject
Project("{FAE04EC0-301F-11D3-BF4B-00C04F79EFBC}") = "DemoImagePlugin10", "DemoImagePlugin10\DemoImagePlugin10.csproj", "{7D6C826B-A63E-4C89-8A18-3F4EA33941EF}"
EndProject
Global
	GlobalSection(SolutionConfigurationPlatforms) = preSolution
		Debug|Any CPU = Debug|Any CPU
		Release|Any CPU = Release|Any CPU
	EndGlobalSection
	GlobalSection(ProjectConfigurationPlatforms) = postSolution
		{078C75B1-8AAD-4524-BFDA-4B823DB5A65E}.Debug|Any CPU.ActiveCfg = Debug|Any CPU
		{078C75B1-8AAD-4524-BFDA-4B823DB5A65E}.Debug|Any CPU.Build.0 = Debug|Any CPU
		{078C75B1-8AAD-4524-BFDA-4B823DB5A65E}.Release|Any CPU.ActiveCfg = Release|Any CPU
		{078C75B1-8AAD-4524-BFDA-4B823DB5A65E}.Release|Any CPU.Build.0 = Release|Any CPU
		{553AA545-BA33-41CE-BB8E-DF59E5D153DE}.Debug|Any CPU.ActiveCfg = Debug|Any CPU
		{553AA545-BA33-41CE-BB8E-DF59E5D153DE}.Debug|Any CPU.Build.0 = Debug|Any CPU
		{553AA545-BA33-41CE-BB8E-DF59E5D153DE}.Release|Any CPU.ActiveCfg = Release|Any CPU
		{553AA545-BA33-41CE-BB8E-DF59E5D153DE}.Release|Any CPU.Build.0 = Release|Any CPU
		{A77E146E-F98C-40A8-9F66-1628776ED56B}.Debug|Any CPU.ActiveCfg = Debug|Any CPU
		{A77E146E-F98C-40A8-9F66-1628776ED56B}.Debug|Any CPU.Build.0 = Debug|Any CPU
		{A77E146E-F98C-40A8-9F66-1628776ED56B}.Release|Any CPU.ActiveCfg = Release|Any CPU
		{A77E146E-F98C-40A8-9F66-1628776ED56B}.Release|Any CPU.Build.0 = Release|Any CPU
		{7D6C826B-A63E-4C89-8A18-3F4EA33941EF}.Debug|Any CPU.ActiveCfg = Debug|Any CPU
		{7D6C826B-A63E-4C89-8A18-3F4EA33941EF}.Debug|Any CPU.Build.0 = Debug|Any CPU
		{7D6C826B-A63E-4C89-8A18-3F4EA33941EF}.Release|Any CPU.ActiveCfg = Release|Any CPU
		{7D6C826B-A63E-4C89-8A18-3F4EA33941EF}.Release|Any CPU.Build.0 = Release|Any CPU
	EndGlobalSection
	GlobalSection(SolutionProperties) = preSolution
		HideSolutionNode = FALSE
	EndGlobalSection
	GlobalSection(ExtensibilityGlobals) = postSolution
		SolutionGuid = {BFA835BD-3066-421E-BC19-84987476E752}
	EndGlobalSection
EndGlobal
